
Microsoft Visual Studio Solution File, Format Version 12.00
# Visual Studio Version 16
VisualStudioVersion = 16.0.34114.132
MinimumVisualStudioVersion = 10.0.40219.1
Project("{FAE04EC0-301F-11D3-BF4B-00C04F79EFBC}") = "kpatelsBookStore", "kpatelsBookStore\kpatelsBookStore.csproj", "{29A4FB93-D4EA-4C63-9D1A-C8F8E244DC16}"
EndProject
Global
	GlobalSection(SolutionConfigurationPlatforms) = preSolution
		Debug|Any CPU = Debug|Any CPU
		Release|Any CPU = Release|Any CPU
	EndGlobalSection
	GlobalSection(ProjectConfigurationPlatforms) = postSolution
		{29A4FB93-D4EA-4C63-9D1A-C8F8E244DC16}.Debug|Any CPU.ActiveCfg = Debug|Any CPU
		{29A4FB93-D4EA-4C63-9D1A-C8F8E244DC16}.Debug|Any CPU.Build.0 = Debug|Any CPU
		{29A4FB93-D4EA-4C63-9D1A-C8F8E244DC16}.Release|Any CPU.ActiveCfg = Release|Any CPU
		{29A4FB93-D4EA-4C63-9D1A-C8F8E244DC16}.Release|Any CPU.Build.0 = Release|Any CPU
	EndGlobalSection
	GlobalSection(SolutionProperties) = preSolution
		HideSolutionNode = FALSE
	EndGlobalSection
	GlobalSection(ExtensibilityGlobals) = postSolution
		SolutionGuid = {E95A566C-D84E-48A6-B9E4-F14E69174D07}
	EndGlobalSection
EndGlobal
